
Microsoft Visual Studio Solution File, Format Version 12.00
# Visual Studio Version 17
VisualStudioVersion = 17.6.33723.286
MinimumVisualStudioVersion = 10.0.40219.1
Project("{9A19103F-16F7-4668-BE54-9A1E7A4F7556}") = "SharePix.Data", "SharePix.Data\SharePix.Data.csproj", "{71343AC4-7186-4714-B78F-960294D6BE67}"
EndProject
Project("{9A19103F-16F7-4668-BE54-9A1E7A4F7556}") = "SharePix.WebApp", "SharePix.WebApp\SharePix.WebApp.csproj", "{89414812-89CD-44A5-932C-B08E46871B8F}"
EndProject
Project("{FAE04EC0-301F-11D3-BF4B-00C04F79EFBC}") = "SharePix.Shared", "SharePix.Shared\SharePix.Shared.csproj", "{6EBCA325-BCAB-4326-AE83-2890DD825D4E}"
EndProject
Global
	GlobalSection(SolutionConfigurationPlatforms) = preSolution
		Debug|Any CPU = Debug|Any CPU
		Release|Any CPU = Release|Any CPU
	EndGlobalSection
	GlobalSection(ProjectConfigurationPlatforms) = postSolution
		{71343AC4-7186-4714-B78F-960294D6BE67}.Debug|Any CPU.ActiveCfg = Debug|Any CPU
		{71343AC4-7186-4714-B78F-960294D6BE67}.Debug|Any CPU.Build.0 = Debug|Any CPU
		{71343AC4-7186-4714-B78F-960294D6BE67}.Release|Any CPU.ActiveCfg = Release|Any CPU
		{71343AC4-7186-4714-B78F-960294D6BE67}.Release|Any CPU.Build.0 = Release|Any CPU
		{89414812-89CD-44A5-932C-B08E46871B8F}.Debug|Any CPU.ActiveCfg = Debug|Any CPU
		{89414812-89CD-44A5-932C-B08E46871B8F}.Debug|Any CPU.Build.0 = Debug|Any CPU
		{89414812-89CD-44A5-932C-B08E46871B8F}.Release|Any CPU.ActiveCfg = Release|Any CPU
		{89414812-89CD-44A5-932C-B08E46871B8F}.Release|Any CPU.Build.0 = Release|Any CPU
		{6EBCA325-BCAB-4326-AE83-2890DD825D4E}.Debug|Any CPU.ActiveCfg = Debug|Any CPU
		{6EBCA325-BCAB-4326-AE83-2890DD825D4E}.Debug|Any CPU.Build.0 = Debug|Any CPU
		{6EBCA325-BCAB-4326-AE83-2890DD825D4E}.Release|Any CPU.ActiveCfg = Release|Any CPU
		{6EBCA325-BCAB-4326-AE83-2890DD825D4E}.Release|Any CPU.Build.0 = Release|Any CPU
	EndGlobalSection
	GlobalSection(SolutionProperties) = preSolution
		HideSolutionNode = FALSE
	EndGlobalSection
	GlobalSection(ExtensibilityGlobals) = postSolution
		SolutionGuid = {FD5CF30E-FE4C-404F-9DD3-20674A17488E}
	EndGlobalSection
EndGlobal
